
Microsoft Visual Studio Solution File, Format Version 12.00
# Visual Studio 15
VisualStudioVersion = 15.0.26403.7
MinimumVisualStudioVersion = 10.0.40219.1
Project("{2150E333-8FDC-42A3-9474-1A3956D46DE8}") = "Solution Items", "Solution Items", "{8A0040CE-3A7F-487C-961B-701F16105741}"
EndProject
Project("{9A19103F-16F7-4668-BE54-9A1E7A4F7556}") = "KUP.Authentication.Data", "KUP.Authentication.Data\KUP.Authentication.Data.csproj", "{D3D05C9E-9008-4BDA-9C05-91A5DA3DE14E}"
EndProject
Project("{9A19103F-16F7-4668-BE54-9A1E7A4F7556}") = "KUP.Authentication.Business", "KUP.Authentication.Business\KUP.Authentication.Business.csproj", "{CD63485F-6440-4909-A2DB-73FE2299F1A6}"
EndProject
Project("{9A19103F-16F7-4668-BE54-9A1E7A4F7556}") = "KUP.Authentication.Api", "KUP.Authentication.Api\KUP.Authentication.Api.csproj", "{2B710632-3203-47BB-AE36-6BD7563E0215}"
EndProject
Project("{E53339B2-1760-4266-BCC7-CA923CBCF16C}") = "docker-compose", "docker-compose.dcproj", "{1EDA8AC5-0D75-4B3D-AC89-F030B4C051B8}"
EndProject
Global
	GlobalSection(SolutionConfigurationPlatforms) = preSolution
		Debug|Any CPU = Debug|Any CPU
		Release|Any CPU = Release|Any CPU
	EndGlobalSection
	GlobalSection(ProjectConfigurationPlatforms) = postSolution
		{D3D05C9E-9008-4BDA-9C05-91A5DA3DE14E}.Debug|Any CPU.ActiveCfg = Debug|Any CPU
		{D3D05C9E-9008-4BDA-9C05-91A5DA3DE14E}.Debug|Any CPU.Build.0 = Debug|Any CPU
		{D3D05C9E-9008-4BDA-9C05-91A5DA3DE14E}.Release|Any CPU.ActiveCfg = Release|Any CPU
		{D3D05C9E-9008-4BDA-9C05-91A5DA3DE14E}.Release|Any CPU.Build.0 = Release|Any CPU
		{CD63485F-6440-4909-A2DB-73FE2299F1A6}.Debug|Any CPU.ActiveCfg = Debug|Any CPU
		{CD63485F-6440-4909-A2DB-73FE2299F1A6}.Debug|Any CPU.Build.0 = Debug|Any CPU
		{CD63485F-6440-4909-A2DB-73FE2299F1A6}.Release|Any CPU.ActiveCfg = Release|Any CPU
		{CD63485F-6440-4909-A2DB-73FE2299F1A6}.Release|Any CPU.Build.0 = Release|Any CPU
		{2B710632-3203-47BB-AE36-6BD7563E0215}.Debug|Any CPU.ActiveCfg = Debug|Any CPU
		{2B710632-3203-47BB-AE36-6BD7563E0215}.Debug|Any CPU.Build.0 = Debug|Any CPU
		{2B710632-3203-47BB-AE36-6BD7563E0215}.Release|Any CPU.ActiveCfg = Release|Any CPU
		{2B710632-3203-47BB-AE36-6BD7563E0215}.Release|Any CPU.Build.0 = Release|Any CPU
		{B34C0DF2-53E6-418F-BC20-606EA71173CD}.Debug|Any CPU.ActiveCfg = Debug|Any CPU
		{B34C0DF2-53E6-418F-BC20-606EA71173CD}.Debug|Any CPU.Build.0 = Debug|Any CPU
		{B34C0DF2-53E6-418F-BC20-606EA71173CD}.Release|Any CPU.ActiveCfg = Release|Any CPU
		{B34C0DF2-53E6-418F-BC20-606EA71173CD}.Release|Any CPU.Build.0 = Release|Any CPU
		{1EDA8AC5-0D75-4B3D-AC89-F030B4C051B8}.Debug|Any CPU.ActiveCfg = Debug|Any CPU
		{1EDA8AC5-0D75-4B3D-AC89-F030B4C051B8}.Debug|Any CPU.Build.0 = Debug|Any CPU
		{1EDA8AC5-0D75-4B3D-AC89-F030B4C051B8}.Release|Any CPU.ActiveCfg = Release|Any CPU
		{1EDA8AC5-0D75-4B3D-AC89-F030B4C051B8}.Release|Any CPU.Build.0 = Release|Any CPU
	EndGlobalSection
	GlobalSection(SolutionProperties) = preSolution
		HideSolutionNode = FALSE
	EndGlobalSection
EndGlobal
